
Microsoft Visual Studio Solution File, Format Version 12.00
# Visual Studio Version 17
VisualStudioVersion = 17.11.35327.3
MinimumVisualStudioVersion = 10.0.40219.1
Project("{FAE04EC0-301F-11D3-BF4B-00C04F79EFBC}") = "API Peliculas", "API Peliculas\API Peliculas.csproj", "{C5F50EF0-3898-4F11-95D4-9822E550F03C}"
EndProject
Global
	GlobalSection(SolutionConfigurationPlatforms) = preSolution
		Debug|Any CPU = Debug|Any CPU
		Release|Any CPU = Release|Any CPU
	EndGlobalSection
	GlobalSection(ProjectConfigurationPlatforms) = postSolution
		{C5F50EF0-3898-4F11-95D4-9822E550F03C}.Debug|Any CPU.ActiveCfg = Debug|Any CPU
		{C5F50EF0-3898-4F11-95D4-9822E550F03C}.Debug|Any CPU.Build.0 = Debug|Any CPU
		{C5F50EF0-3898-4F11-95D4-9822E550F03C}.Release|Any CPU.ActiveCfg = Release|Any CPU
		{C5F50EF0-3898-4F11-95D4-9822E550F03C}.Release|Any CPU.Build.0 = Release|Any CPU
	EndGlobalSection
	GlobalSection(SolutionProperties) = preSolution
		HideSolutionNode = FALSE
	EndGlobalSection
	GlobalSection(ExtensibilityGlobals) = postSolution
		SolutionGuid = {15C47B81-A01E-47B6-9004-4EC32F557CD4}
	EndGlobalSection
EndGlobal
